
Microsoft Visual Studio Solution File, Format Version 12.00
# Visual Studio Version 17
VisualStudioVersion = 17.13.36105.23
MinimumVisualStudioVersion = 10.0.40219.1
Project("{FAE04EC0-301F-11D3-BF4B-00C04F79EFBC}") = "TelemedApp.API", "TelemedApp.API\TelemedApp.API.csproj", "{9CBD19A6-9A56-4A60-3019-097DBCB464EC}"
EndProject
Project("{FAE04EC0-301F-11D3-BF4B-00C04F79EFBC}") = "TelemedApp.Application", "TelemedApp.Application\TelemedApp.Application.csproj", "{E953F6E4-2DCD-5ED8-415D-424817DE5B1F}"
EndProject
Project("{FAE04EC0-301F-11D3-BF4B-00C04F79EFBC}") = "TelemedApp.Domain", "TelemedApp.Domain\TelemedApp.Domain.csproj", "{560C5096-0542-31AA-CDE5-322CA77E744A}"
EndProject
Project("{FAE04EC0-301F-11D3-BF4B-00C04F79EFBC}") = "TelemedApp.Identity", "TelemedApp.Identity\TelemedApp.Identity.csproj", "{D481EA90-CB88-1D9D-3AEF-A49B03B19787}"
EndProject
Project("{FAE04EC0-301F-11D3-BF4B-00C04F79EFBC}") = "TelemedApp.Infrastructure", "TelemedApp.Infrastructure\TelemedApp.Infrastructure.csproj", "{7737F914-E9BE-210B-1D3E-17EAD96BF52C}"
EndProject
Project("{2150E333-8FDC-42A3-9474-1A3956D46DE8}") = "Solution Items", "Solution Items", "{02EA681E-C7D8-13C7-8484-4AC65E1B71E8}"
	ProjectSection(SolutionItems) = preProject
		.editorconfig = .editorconfig
		global.json = global.json
	EndProjectSection
EndProject
Project("{FAE04EC0-301F-11D3-BF4B-00C04F79EFBC}") = "TelemedApp.Shared", "TelemedApp.Shared\TelemedApp.Shared.csproj", "{5755DEFB-B178-F08C-6F19-611D231E870B}"
EndProject
Project("{FAE04EC0-301F-11D3-BF4B-00C04F79EFBC}") = "TelemedApp.UI.Client", "TelemedApp.UI\TelemedApp.UI.Client\TelemedApp.UI.Client.csproj", "{3E674981-B6DF-0C90-C730-B7B546377CB8}"
EndProject
Global
	GlobalSection(SolutionConfigurationPlatforms) = preSolution
		Debug|Any CPU = Debug|Any CPU
		Release|Any CPU = Release|Any CPU
	EndGlobalSection
	GlobalSection(ProjectConfigurationPlatforms) = postSolution
		{9CBD19A6-9A56-4A60-3019-097DBCB464EC}.Debug|Any CPU.ActiveCfg = Debug|Any CPU
		{9CBD19A6-9A56-4A60-3019-097DBCB464EC}.Debug|Any CPU.Build.0 = Debug|Any CPU
		{9CBD19A6-9A56-4A60-3019-097DBCB464EC}.Release|Any CPU.ActiveCfg = Release|Any CPU
		{9CBD19A6-9A56-4A60-3019-097DBCB464EC}.Release|Any CPU.Build.0 = Release|Any CPU
		{E953F6E4-2DCD-5ED8-415D-424817DE5B1F}.Debug|Any CPU.ActiveCfg = Debug|Any CPU
		{E953F6E4-2DCD-5ED8-415D-424817DE5B1F}.Debug|Any CPU.Build.0 = Debug|Any CPU
		{E953F6E4-2DCD-5ED8-415D-424817DE5B1F}.Release|Any CPU.ActiveCfg = Release|Any CPU
		{E953F6E4-2DCD-5ED8-415D-424817DE5B1F}.Release|Any CPU.Build.0 = Release|Any CPU
		{560C5096-0542-31AA-CDE5-322CA77E744A}.Debug|Any CPU.ActiveCfg = Debug|Any CPU
		{560C5096-0542-31AA-CDE5-322CA77E744A}.Debug|Any CPU.Build.0 = Debug|Any CPU
		{560C5096-0542-31AA-CDE5-322CA77E744A}.Release|Any CPU.ActiveCfg = Release|Any CPU
		{560C5096-0542-31AA-CDE5-322CA77E744A}.Release|Any CPU.Build.0 = Release|Any CPU
		{D481EA90-CB88-1D9D-3AEF-A49B03B19787}.Debug|Any CPU.ActiveCfg = Debug|Any CPU
		{D481EA90-CB88-1D9D-3AEF-A49B03B19787}.Debug|Any CPU.Build.0 = Debug|Any CPU
		{D481EA90-CB88-1D9D-3AEF-A49B03B19787}.Release|Any CPU.ActiveCfg = Release|Any CPU
		{D481EA90-CB88-1D9D-3AEF-A49B03B19787}.Release|Any CPU.Build.0 = Release|Any CPU
		{7737F914-E9BE-210B-1D3E-17EAD96BF52C}.Debug|Any CPU.ActiveCfg = Debug|Any CPU
		{7737F914-E9BE-210B-1D3E-17EAD96BF52C}.Debug|Any CPU.Build.0 = Debug|Any CPU
		{7737F914-E9BE-210B-1D3E-17EAD96BF52C}.Release|Any CPU.ActiveCfg = Release|Any CPU
		{7737F914-E9BE-210B-1D3E-17EAD96BF52C}.Release|Any CPU.Build.0 = Release|Any CPU
		{5755DEFB-B178-F08C-6F19-611D231E870B}.Debug|Any CPU.ActiveCfg = Debug|Any CPU
		{5755DEFB-B178-F08C-6F19-611D231E870B}.Debug|Any CPU.Build.0 = Debug|Any CPU
		{5755DEFB-B178-F08C-6F19-611D231E870B}.Release|Any CPU.ActiveCfg = Release|Any CPU
		{5755DEFB-B178-F08C-6F19-611D231E870B}.Release|Any CPU.Build.0 = Release|Any CPU
		{3E674981-B6DF-0C90-C730-B7B546377CB8}.Debug|Any CPU.ActiveCfg = Debug|Any CPU
		{3E674981-B6DF-0C90-C730-B7B546377CB8}.Debug|Any CPU.Build.0 = Debug|Any CPU
		{3E674981-B6DF-0C90-C730-B7B546377CB8}.Release|Any CPU.ActiveCfg = Release|Any CPU
		{3E674981-B6DF-0C90-C730-B7B546377CB8}.Release|Any CPU.Build.0 = Release|Any CPU
	EndGlobalSection
	GlobalSection(SolutionProperties) = preSolution
		HideSolutionNode = FALSE
	EndGlobalSection
	GlobalSection(ExtensibilityGlobals) = postSolution
		SolutionGuid = {EB2B72A4-4E7D-4CD8-A157-F6E7E47AF324}
	EndGlobalSection
EndGlobal
